
Microsoft Visual Studio Solution File, Format Version 12.00
# Visual Studio Version 17
VisualStudioVersion = 17.7.34031.279
MinimumVisualStudioVersion = 10.0.40219.1
Project("{2150E333-8FDC-42A3-9474-1A3956D46DE8}") = "Services", "Services", "{C85E4032-DB97-4EEF-B908-73728E914ECE}"
EndProject
Project("{2150E333-8FDC-42A3-9474-1A3956D46DE8}") = "Catalog", "Catalog", "{83398743-8217-4E05-B161-60F17EEAB044}"
EndProject
Project("{9A19103F-16F7-4668-BE54-9A1E7A4F7556}") = "Catalog.API", "Services\Catalog\Catalog.API\Catalog.API.csproj", "{0CC5D058-284F-4920-8C81-6229FA9AFA06}"
EndProject
Project("{E53339B2-1760-4266-BCC7-CA923CBCF16C}") = "docker-compose", "docker-compose.dcproj", "{2662E58B-7776-48E6-809A-6B1EA8AE0814}"
EndProject
Project("{2150E333-8FDC-42A3-9474-1A3956D46DE8}") = "Basket", "Basket", "{0485F7E3-D83D-47D5-B3CC-376C542638D8}"
EndProject
Project("{9A19103F-16F7-4668-BE54-9A1E7A4F7556}") = "Basket.API", "Services\Basket\Basket.Api\Basket.API.csproj", "{A7783DE7-6B06-4D05-8A1F-380D8D5DC0A7}"
EndProject
Project("{2150E333-8FDC-42A3-9474-1A3956D46DE8}") = "Discount", "Discount", "{9F406506-7A20-4F93-A00B-0130119A782E}"
EndProject
Project("{9A19103F-16F7-4668-BE54-9A1E7A4F7556}") = "Discount.API", "Services\Discount\Discount.API\Discount.API.csproj", "{464F3659-F90B-4096-9AA6-EA4D15FB0888}"
EndProject
Project("{9A19103F-16F7-4668-BE54-9A1E7A4F7556}") = "Discount.Grpc", "Services\Discount\Discount.Grpc\Discount.Grpc.csproj", "{8A7DA197-CAB9-432B-B7B8-CEC48C65CCEE}"
EndProject
Project("{2150E333-8FDC-42A3-9474-1A3956D46DE8}") = "Ordering", "Ordering", "{CBEAC986-B741-4F2C-9B1B-8B7BDF0ECBBD}"
EndProject
Project("{FAE04EC0-301F-11D3-BF4B-00C04F79EFBC}") = "Ordering.API", "Services\Ordering\Ordering.API\Ordering.API.csproj", "{ADF19642-0E91-436D-A835-94277F259740}"
EndProject
Project("{FAE04EC0-301F-11D3-BF4B-00C04F79EFBC}") = "Ordering.Domain", "Services\Ordering\Ordering.Domain\Ordering.Domain.csproj", "{81A36271-3AB7-4CFE-8C40-3156262FB3F8}"
EndProject
Project("{FAE04EC0-301F-11D3-BF4B-00C04F79EFBC}") = "Ordering.Application", "Services\Ordering\Ordering.Application\Ordering.Application.csproj", "{19167CFF-3D9D-4BC7-841E-A6625E547619}"
EndProject
Project("{FAE04EC0-301F-11D3-BF4B-00C04F79EFBC}") = "Ordering.Infrastructure", "Services\Ordering\Ordering.Infrastructure\Ordering.Infrastructure.csproj", "{88546B71-7E65-47C2-BEB6-95AAFA5AA1D3}"
EndProject
Global
	GlobalSection(SolutionConfigurationPlatforms) = preSolution
		Debug|Any CPU = Debug|Any CPU
		Release|Any CPU = Release|Any CPU
	EndGlobalSection
	GlobalSection(ProjectConfigurationPlatforms) = postSolution
		{0CC5D058-284F-4920-8C81-6229FA9AFA06}.Debug|Any CPU.ActiveCfg = Debug|Any CPU
		{0CC5D058-284F-4920-8C81-6229FA9AFA06}.Debug|Any CPU.Build.0 = Debug|Any CPU
		{0CC5D058-284F-4920-8C81-6229FA9AFA06}.Release|Any CPU.ActiveCfg = Release|Any CPU
		{0CC5D058-284F-4920-8C81-6229FA9AFA06}.Release|Any CPU.Build.0 = Release|Any CPU
		{2662E58B-7776-48E6-809A-6B1EA8AE0814}.Debug|Any CPU.ActiveCfg = Debug|Any CPU
		{2662E58B-7776-48E6-809A-6B1EA8AE0814}.Debug|Any CPU.Build.0 = Debug|Any CPU
		{2662E58B-7776-48E6-809A-6B1EA8AE0814}.Release|Any CPU.ActiveCfg = Release|Any CPU
		{2662E58B-7776-48E6-809A-6B1EA8AE0814}.Release|Any CPU.Build.0 = Release|Any CPU
		{A7783DE7-6B06-4D05-8A1F-380D8D5DC0A7}.Debug|Any CPU.ActiveCfg = Debug|Any CPU
		{A7783DE7-6B06-4D05-8A1F-380D8D5DC0A7}.Debug|Any CPU.Build.0 = Debug|Any CPU
		{A7783DE7-6B06-4D05-8A1F-380D8D5DC0A7}.Release|Any CPU.ActiveCfg = Release|Any CPU
		{A7783DE7-6B06-4D05-8A1F-380D8D5DC0A7}.Release|Any CPU.Build.0 = Release|Any CPU
		{464F3659-F90B-4096-9AA6-EA4D15FB0888}.Debug|Any CPU.ActiveCfg = Debug|Any CPU
		{464F3659-F90B-4096-9AA6-EA4D15FB0888}.Debug|Any CPU.Build.0 = Debug|Any CPU
		{464F3659-F90B-4096-9AA6-EA4D15FB0888}.Release|Any CPU.ActiveCfg = Release|Any CPU
		{464F3659-F90B-4096-9AA6-EA4D15FB0888}.Release|Any CPU.Build.0 = Release|Any CPU
		{8A7DA197-CAB9-432B-B7B8-CEC48C65CCEE}.Debug|Any CPU.ActiveCfg = Debug|Any CPU
		{8A7DA197-CAB9-432B-B7B8-CEC48C65CCEE}.Debug|Any CPU.Build.0 = Debug|Any CPU
		{8A7DA197-CAB9-432B-B7B8-CEC48C65CCEE}.Release|Any CPU.ActiveCfg = Release|Any CPU
		{8A7DA197-CAB9-432B-B7B8-CEC48C65CCEE}.Release|Any CPU.Build.0 = Release|Any CPU
		{ADF19642-0E91-436D-A835-94277F259740}.Debug|Any CPU.ActiveCfg = Debug|Any CPU
		{ADF19642-0E91-436D-A835-94277F259740}.Debug|Any CPU.Build.0 = Debug|Any CPU
		{ADF19642-0E91-436D-A835-94277F259740}.Release|Any CPU.ActiveCfg = Release|Any CPU
		{ADF19642-0E91-436D-A835-94277F259740}.Release|Any CPU.Build.0 = Release|Any CPU
		{81A36271-3AB7-4CFE-8C40-3156262FB3F8}.Debug|Any CPU.ActiveCfg = Debug|Any CPU
		{81A36271-3AB7-4CFE-8C40-3156262FB3F8}.Debug|Any CPU.Build.0 = Debug|Any CPU
		{81A36271-3AB7-4CFE-8C40-3156262FB3F8}.Release|Any CPU.ActiveCfg = Release|Any CPU
		{81A36271-3AB7-4CFE-8C40-3156262FB3F8}.Release|Any CPU.Build.0 = Release|Any CPU
		{19167CFF-3D9D-4BC7-841E-A6625E547619}.Debug|Any CPU.ActiveCfg = Debug|Any CPU
		{19167CFF-3D9D-4BC7-841E-A6625E547619}.Debug|Any CPU.Build.0 = Debug|Any CPU
		{19167CFF-3D9D-4BC7-841E-A6625E547619}.Release|Any CPU.ActiveCfg = Release|Any CPU
		{19167CFF-3D9D-4BC7-841E-A6625E547619}.Release|Any CPU.Build.0 = Release|Any CPU
		{88546B71-7E65-47C2-BEB6-95AAFA5AA1D3}.Debug|Any CPU.ActiveCfg = Debug|Any CPU
		{88546B71-7E65-47C2-BEB6-95AAFA5AA1D3}.Debug|Any CPU.Build.0 = Debug|Any CPU
		{88546B71-7E65-47C2-BEB6-95AAFA5AA1D3}.Release|Any CPU.ActiveCfg = Release|Any CPU
		{88546B71-7E65-47C2-BEB6-95AAFA5AA1D3}.Release|Any CPU.Build.0 = Release|Any CPU
	EndGlobalSection
	GlobalSection(SolutionProperties) = preSolution
		HideSolutionNode = FALSE
	EndGlobalSection
	GlobalSection(NestedProjects) = preSolution
		{83398743-8217-4E05-B161-60F17EEAB044} = {C85E4032-DB97-4EEF-B908-73728E914ECE}
		{0CC5D058-284F-4920-8C81-6229FA9AFA06} = {83398743-8217-4E05-B161-60F17EEAB044}
		{0485F7E3-D83D-47D5-B3CC-376C542638D8} = {C85E4032-DB97-4EEF-B908-73728E914ECE}
		{A7783DE7-6B06-4D05-8A1F-380D8D5DC0A7} = {0485F7E3-D83D-47D5-B3CC-376C542638D8}
		{9F406506-7A20-4F93-A00B-0130119A782E} = {C85E4032-DB97-4EEF-B908-73728E914ECE}
		{464F3659-F90B-4096-9AA6-EA4D15FB0888} = {9F406506-7A20-4F93-A00B-0130119A782E}
		{8A7DA197-CAB9-432B-B7B8-CEC48C65CCEE} = {9F406506-7A20-4F93-A00B-0130119A782E}
		{CBEAC986-B741-4F2C-9B1B-8B7BDF0ECBBD} = {C85E4032-DB97-4EEF-B908-73728E914ECE}
		{ADF19642-0E91-436D-A835-94277F259740} = {CBEAC986-B741-4F2C-9B1B-8B7BDF0ECBBD}
		{81A36271-3AB7-4CFE-8C40-3156262FB3F8} = {CBEAC986-B741-4F2C-9B1B-8B7BDF0ECBBD}
		{19167CFF-3D9D-4BC7-841E-A6625E547619} = {CBEAC986-B741-4F2C-9B1B-8B7BDF0ECBBD}
		{88546B71-7E65-47C2-BEB6-95AAFA5AA1D3} = {CBEAC986-B741-4F2C-9B1B-8B7BDF0ECBBD}
	EndGlobalSection
	GlobalSection(ExtensibilityGlobals) = postSolution
		SolutionGuid = {D8F0A715-FA97-4BB5-B6AD-4B38A01F2B42}
	EndGlobalSection
EndGlobal
